// !$*UTF8*$!
{
	archiveVersion = 1;
	classes = {
	};
	objectVersion = 50;
	objects = {

/* Begin PBXBuildFile section */
		6F4A9E79234B6FF900E040B2 /* PushNotificationManager.swift in Sources */ = {isa = PBXBuildFile; fileRef = 6F4A9E78234B6FF900E040B2 /* PushNotificationManager.swift */; };
		6FB9A16F23485569005D8855 /* AppDelegate.swift in Sources */ = {isa = PBXBuildFile; fileRef = 6FB9A16E23485569005D8855 /* AppDelegate.swift */; };
		6FB9A17123485569005D8855 /* SceneDelegate.swift in Sources */ = {isa = PBXBuildFile; fileRef = 6FB9A17023485569005D8855 /* SceneDelegate.swift */; };
		6FB9A17323485569005D8855 /* SignInVC.swift in Sources */ = {isa = PBXBuildFile; fileRef = 6FB9A17223485569005D8855 /* SignInVC.swift */; };
		6FB9A17623485569005D8855 /* Main.storyboard in Resources */ = {isa = PBXBuildFile; fileRef = 6FB9A17423485569005D8855 /* Main.storyboard */; };
		6FB9A1782348556A005D8855 /* Assets.xcassets in Resources */ = {isa = PBXBuildFile; fileRef = 6FB9A1772348556A005D8855 /* Assets.xcassets */; };
		6FB9A17B2348556A005D8855 /* LaunchScreen.storyboard in Resources */ = {isa = PBXBuildFile; fileRef = 6FB9A1792348556A005D8855 /* LaunchScreen.storyboard */; };
		6FB9A18623485E48005D8855 /* GoogleService-Info.plist in Resources */ = {isa = PBXBuildFile; fileRef = 6FB9A18523485E48005D8855 /* GoogleService-Info.plist */; };
		6FB9A19523488EFC005D8855 /* UButton.swift in Sources */ = {isa = PBXBuildFile; fileRef = 6FB9A19423488EFC005D8855 /* UButton.swift */; };
		6FB9A1972348924C005D8855 /* UTextField.swift in Sources */ = {isa = PBXBuildFile; fileRef = 6FB9A1962348924C005D8855 /* UTextField.swift */; };
		6FB9A199234A1D95005D8855 /* Auth.storyboard in Resources */ = {isa = PBXBuildFile; fileRef = 6FB9A198234A1D95005D8855 /* Auth.storyboard */; };
		6FB9A19B234A1DC7005D8855 /* MonitoringVC.swift in Sources */ = {isa = PBXBuildFile; fileRef = 6FB9A19A234A1DC7005D8855 /* MonitoringVC.swift */; };
		6FB9A19D234A1DE7005D8855 /* SignUpVC.swift in Sources */ = {isa = PBXBuildFile; fileRef = 6FB9A19C234A1DE7005D8855 /* SignUpVC.swift */; };
		6FB9A1A1234A1E1D005D8855 /* ForgotPasswordVC.swift in Sources */ = {isa = PBXBuildFile; fileRef = 6FB9A1A0234A1E1D005D8855 /* ForgotPasswordVC.swift */; };
		6FB9A1A5234A1ED2005D8855 /* MonitoringDetailVC.swift in Sources */ = {isa = PBXBuildFile; fileRef = 6FB9A1A4234A1ED2005D8855 /* MonitoringDetailVC.swift */; };
		6FB9A1A7234A1EEC005D8855 /* AddDeviceVC.swift in Sources */ = {isa = PBXBuildFile; fileRef = 6FB9A1A6234A1EEC005D8855 /* AddDeviceVC.swift */; };
		6FB9A1A9234A1F0A005D8855 /* SettingsVC.swift in Sources */ = {isa = PBXBuildFile; fileRef = 6FB9A1A8234A1F0A005D8855 /* SettingsVC.swift */; };
		6FB9A1AB234A1F3A005D8855 /* EditProfileVC.swift in Sources */ = {isa = PBXBuildFile; fileRef = 6FB9A1AA234A1F3A005D8855 /* EditProfileVC.swift */; };
		6FB9A1AD234A1F4B005D8855 /* ChangePasswordVC.swift in Sources */ = {isa = PBXBuildFile; fileRef = 6FB9A1AC234A1F4B005D8855 /* ChangePasswordVC.swift */; };
		6FB9A1B0234A1F77005D8855 /* NotificationVC.swift in Sources */ = {isa = PBXBuildFile; fileRef = 6FB9A1AF234A1F77005D8855 /* NotificationVC.swift */; };
		6FB9A1B3234AF6B0005D8855 /* Constants.swift in Sources */ = {isa = PBXBuildFile; fileRef = 6FB9A1B2234AF6B0005D8855 /* Constants.swift */; };
		6FB9A1B6234B14E7005D8855 /* FirebaseExtension.swift in Sources */ = {isa = PBXBuildFile; fileRef = 6FB9A1B5234B14E7005D8855 /* FirebaseExtension.swift */; };
		6FB9A1B8234B19AF005D8855 /* Extensions.swift in Sources */ = {isa = PBXBuildFile; fileRef = 6FB9A1B7234B19AF005D8855 /* Extensions.swift */; };
		AFF71F38BDCC36C15E8C8024 /* Pods_Urgence.framework in Frameworks */ = {isa = PBXBuildFile; fileRef = 729F027F153DEFC58C94A4DD /* Pods_Urgence.framework */; };
/* End PBXBuildFile section */

/* Begin PBXFileReference section */
		39D08D2C9BFAE8E409377655 /* Pods-Urgence.release.xcconfig */ = {isa = PBXFileReference; includeInIndex = 1; lastKnownFileType = text.xcconfig; name = "Pods-Urgence.release.xcconfig"; path = "Pods/Target Support Files/Pods-Urgence/Pods-Urgence.release.xcconfig"; sourceTree = "<group>"; };
		6F4A9E78234B6FF900E040B2 /* PushNotificationManager.swift */ = {isa = PBXFileReference; fileEncoding = 4; lastKnownFileType = sourcecode.swift; path = PushNotificationManager.swift; sourceTree = "<group>"; };
		6FB9A16B23485569005D8855 /* Urgence.app */ = {isa = PBXFileReference; explicitFileType = wrapper.application; includeInIndex = 0; path = Urgence.app; sourceTree = BUILT_PRODUCTS_DIR; };
		6FB9A16E23485569005D8855 /* AppDelegate.swift */ = {isa = PBXFileReference; lastKnownFileType = sourcecode.swift; path = AppDelegate.swift; sourceTree = "<group>"; };
		6FB9A17023485569005D8855 /* SceneDelegate.swift */ = {isa = PBXFileReference; lastKnownFileType = sourcecode.swift; path = SceneDelegate.swift; sourceTree = "<group>"; };
		6FB9A17223485569005D8855 /* SignInVC.swift */ = {isa = PBXFileReference; lastKnownFileType = sourcecode.swift; path = SignInVC.swift; sourceTree = "<group>"; };
		6FB9A17523485569005D8855 /* Base */ = {isa = PBXFileReference; lastKnownFileType = file.storyboard; name = Base; path = Base.lproj/Main.storyboard; sourceTree = "<group>"; };
		6FB9A1772348556A005D8855 /* Assets.xcassets */ = {isa = PBXFileReference; lastKnownFileType = folder.assetcatalog; path = Assets.xcassets; sourceTree = "<group>"; };
		6FB9A17A2348556A005D8855 /* Base */ = {isa = PBXFileReference; lastKnownFileType = file.storyboard; name = Base; path = Base.lproj/LaunchScreen.storyboard; sourceTree = "<group>"; };
		6FB9A17C2348556A005D8855 /* Info.plist */ = {isa = PBXFileReference; lastKnownFileType = text.plist.xml; path = Info.plist; sourceTree = "<group>"; };
		6FB9A18523485E48005D8855 /* GoogleService-Info.plist */ = {isa = PBXFileReference; fileEncoding = 4; lastKnownFileType = text.plist.xml; path = "GoogleService-Info.plist"; sourceTree = "<group>"; };
		6FB9A19423488EFC005D8855 /* UButton.swift */ = {isa = PBXFileReference; lastKnownFileType = sourcecode.swift; path = UButton.swift; sourceTree = "<group>"; };
		6FB9A1962348924C005D8855 /* UTextField.swift */ = {isa = PBXFileReference; lastKnownFileType = sourcecode.swift; path = UTextField.swift; sourceTree = "<group>"; };
		6FB9A198234A1D95005D8855 /* Auth.storyboard */ = {isa = PBXFileReference; lastKnownFileType = file.storyboard; path = Auth.storyboard; sourceTree = "<group>"; };
		6FB9A19A234A1DC7005D8855 /* MonitoringVC.swift */ = {isa = PBXFileReference; lastKnownFileType = sourcecode.swift; path = MonitoringVC.swift; sourceTree = "<group>"; };
		6FB9A19C234A1DE7005D8855 /* SignUpVC.swift */ = {isa = PBXFileReference; lastKnownFileType = sourcecode.swift; path = SignUpVC.swift; sourceTree = "<group>"; };
		6FB9A1A0234A1E1D005D8855 /* ForgotPasswordVC.swift */ = {isa = PBXFileReference; lastKnownFileType = sourcecode.swift; path = ForgotPasswordVC.swift; sourceTree = "<group>"; };
		6FB9A1A4234A1ED2005D8855 /* MonitoringDetailVC.swift */ = {isa = PBXFileReference; lastKnownFileType = sourcecode.swift; path = MonitoringDetailVC.swift; sourceTree = "<group>"; };
		6FB9A1A6234A1EEC005D8855 /* AddDeviceVC.swift */ = {isa = PBXFileReference; lastKnownFileType = sourcecode.swift; path = AddDeviceVC.swift; sourceTree = "<group>"; };
		6FB9A1A8234A1F0A005D8855 /* SettingsVC.swift */ = {isa = PBXFileReference; lastKnownFileType = sourcecode.swift; path = SettingsVC.swift; sourceTree = "<group>"; };
		6FB9A1AA234A1F3A005D8855 /* EditProfileVC.swift */ = {isa = PBXFileReference; lastKnownFileType = sourcecode.swift; path = EditProfileVC.swift; sourceTree = "<group>"; };
		6FB9A1AC234A1F4B005D8855 /* ChangePasswordVC.swift */ = {isa = PBXFileReference; lastKnownFileType = sourcecode.swift; path = ChangePasswordVC.swift; sourceTree = "<group>"; };
		6FB9A1AF234A1F77005D8855 /* NotificationVC.swift */ = {isa = PBXFileReference; lastKnownFileType = sourcecode.swift; path = NotificationVC.swift; sourceTree = "<group>"; };
		6FB9A1B2234AF6B0005D8855 /* Constants.swift */ = {isa = PBXFileReference; lastKnownFileType = sourcecode.swift; path = Constants.swift; sourceTree = "<group>"; };
		6FB9A1B5234B14E7005D8855 /* FirebaseExtension.swift */ = {isa = PBXFileReference; lastKnownFileType = sourcecode.swift; path = FirebaseExtension.swift; sourceTree = "<group>"; };
		6FB9A1B7234B19AF005D8855 /* Extensions.swift */ = {isa = PBXFileReference; lastKnownFileType = sourcecode.swift; path = Extensions.swift; sourceTree = "<group>"; };
		6FB9A1BC234B64DC005D8855 /* Urgence.entitlements */ = {isa = PBXFileReference; lastKnownFileType = text.plist.entitlements; path = Urgence.entitlements; sourceTree = "<group>"; };
		729F027F153DEFC58C94A4DD /* Pods_Urgence.framework */ = {isa = PBXFileReference; explicitFileType = wrapper.framework; includeInIndex = 0; path = Pods_Urgence.framework; sourceTree = BUILT_PRODUCTS_DIR; };
		F2CE51B5B68E6054864218FF /* Pods-Urgence.debug.xcconfig */ = {isa = PBXFileReference; includeInIndex = 1; lastKnownFileType = text.xcconfig; name = "Pods-Urgence.debug.xcconfig"; path = "Pods/Target Support Files/Pods-Urgence/Pods-Urgence.debug.xcconfig"; sourceTree = "<group>"; };
/* End PBXFileReference section */

/* Begin PBXFrameworksBuildPhase section */
		6FB9A16823485569005D8855 /* Frameworks */ = {
			isa = PBXFrameworksBuildPhase;
			buildActionMask = 2147483647;
			files = (
				AFF71F38BDCC36C15E8C8024 /* Pods_Urgence.framework in Frameworks */,
			);
			runOnlyForDeploymentPostprocessing = 0;
		};
/* End PBXFrameworksBuildPhase section */

/* Begin PBXGroup section */
		0A89F893963F3E35C23169FD /* Frameworks */ = {
			isa = PBXGroup;
			children = (
				729F027F153DEFC58C94A4DD /* Pods_Urgence.framework */,
			);
			name = Frameworks;
			sourceTree = "<group>";
		};
		0F498FA248F2541AE996C7A1 /* Pods */ = {
			isa = PBXGroup;
			children = (
				F2CE51B5B68E6054864218FF /* Pods-Urgence.debug.xcconfig */,
				39D08D2C9BFAE8E409377655 /* Pods-Urgence.release.xcconfig */,
			);
			name = Pods;
			sourceTree = "<group>";
		};
		6F4A9E77234B6FEA00E040B2 /* Services */ = {
			isa = PBXGroup;
			children = (
				6F4A9E78234B6FF900E040B2 /* PushNotificationManager.swift */,
			);
			path = Services;
			sourceTree = "<group>";
		};
		6FB9A16223485569005D8855 = {
			isa = PBXGroup;
			children = (
				6FB9A16D23485569005D8855 /* Urgence */,
				6FB9A16C23485569005D8855 /* Products */,
				0F498FA248F2541AE996C7A1 /* Pods */,
				0A89F893963F3E35C23169FD /* Frameworks */,
			);
			sourceTree = "<group>";
		};
		6FB9A16C23485569005D8855 /* Products */ = {
			isa = PBXGroup;
			children = (
				6FB9A16B23485569005D8855 /* Urgence.app */,
			);
			name = Products;
			sourceTree = "<group>";
		};
		6FB9A16D23485569005D8855 /* Urgence */ = {
			isa = PBXGroup;
			children = (
				6F4A9E77234B6FEA00E040B2 /* Services */,
				6FB9A1BC234B64DC005D8855 /* Urgence.entitlements */,
				6FB9A18923485E5F005D8855 /* Controller */,
				6FB9A18823485E59005D8855 /* View */,
				6FB9A18723485E4E005D8855 /* Model */,
				6FB9A1B1234AF681005D8855 /* Utils */,
				6FB9A18B23485EE0005D8855 /* Storyboards */,
				6FB9A18A23485EA7005D8855 /* Support Files */,
			);
			path = Urgence;
			sourceTree = "<group>";
		};
		6FB9A18723485E4E005D8855 /* Model */ = {
			isa = PBXGroup;
			children = (
			);
			path = Model;
			sourceTree = "<group>";
		};
		6FB9A18823485E59005D8855 /* View */ = {
			isa = PBXGroup;
			children = (
				6FB9A18C23485F05005D8855 /* Cells */,
				6FB9A18D23485F0D005D8855 /* UI */,
			);
			path = View;
			sourceTree = "<group>";
		};
		6FB9A18923485E5F005D8855 /* Controller */ = {
			isa = PBXGroup;
			children = (
				6FB9A1AE234A1F4E005D8855 /* Account */,
				6FB9A1A2234A1E21005D8855 /* Auth */,
				6FB9A1A3234A1E39005D8855 /* Monitoring */,
			);
			path = Controller;
			sourceTree = "<group>";
		};
		6FB9A18A23485EA7005D8855 /* Support Files */ = {
			isa = PBXGroup;
			children = (
				6FB9A1772348556A005D8855 /* Assets.xcassets */,
				6FB9A16E23485569005D8855 /* AppDelegate.swift */,
				6FB9A17023485569005D8855 /* SceneDelegate.swift */,
				6FB9A17C2348556A005D8855 /* Info.plist */,
				6FB9A18523485E48005D8855 /* GoogleService-Info.plist */,
			);
			path = "Support Files";
			sourceTree = "<group>";
		};
		6FB9A18B23485EE0005D8855 /* Storyboards */ = {
			isa = PBXGroup;
			children = (
				6FB9A17423485569005D8855 /* Main.storyboard */,
				6FB9A1792348556A005D8855 /* LaunchScreen.storyboard */,
				6FB9A198234A1D95005D8855 /* Auth.storyboard */,
			);
			path = Storyboards;
			sourceTree = "<group>";
		};
		6FB9A18C23485F05005D8855 /* Cells */ = {
			isa = PBXGroup;
			children = (
			);
			path = Cells;
			sourceTree = "<group>";
		};
		6FB9A18D23485F0D005D8855 /* UI */ = {
			isa = PBXGroup;
			children = (
				6FB9A19423488EFC005D8855 /* UButton.swift */,
				6FB9A1962348924C005D8855 /* UTextField.swift */,
			);
			path = UI;
			sourceTree = "<group>";
		};
		6FB9A1A2234A1E21005D8855 /* Auth */ = {
			isa = PBXGroup;
			children = (
				6FB9A17223485569005D8855 /* SignInVC.swift */,
				6FB9A19C234A1DE7005D8855 /* SignUpVC.swift */,
				6FB9A1A0234A1E1D005D8855 /* ForgotPasswordVC.swift */,
			);
			path = Auth;
			sourceTree = "<group>";
		};
		6FB9A1A3234A1E39005D8855 /* Monitoring */ = {
			isa = PBXGroup;
			children = (
				6FB9A1A6234A1EEC005D8855 /* AddDeviceVC.swift */,
				6FB9A19A234A1DC7005D8855 /* MonitoringVC.swift */,
				6FB9A1A4234A1ED2005D8855 /* MonitoringDetailVC.swift */,
				6FB9A1AF234A1F77005D8855 /* NotificationVC.swift */,
			);
			path = Monitoring;
			sourceTree = "<group>";
		};
		6FB9A1AE234A1F4E005D8855 /* Account */ = {
			isa = PBXGroup;
			children = (
				6FB9A1A8234A1F0A005D8855 /* SettingsVC.swift */,
				6FB9A1AA234A1F3A005D8855 /* EditProfileVC.swift */,
				6FB9A1AC234A1F4B005D8855 /* ChangePasswordVC.swift */,
			);
			path = Account;
			sourceTree = "<group>";
		};
		6FB9A1B1234AF681005D8855 /* Utils */ = {
			isa = PBXGroup;
			children = (
				6FB9A1B4234B14CB005D8855 /* Extensions */,
				6FB9A1B2234AF6B0005D8855 /* Constants.swift */,
			);
			path = Utils;
			sourceTree = "<group>";
		};
		6FB9A1B4234B14CB005D8855 /* Extensions */ = {
			isa = PBXGroup;
			children = (
				6FB9A1B5234B14E7005D8855 /* FirebaseExtension.swift */,
				6FB9A1B7234B19AF005D8855 /* Extensions.swift */,
			);
			path = Extensions;
			sourceTree = "<group>";
		};
/* End PBXGroup section */

/* Begin PBXNativeTarget section */
		6FB9A16A23485569005D8855 /* Urgence */ = {
			isa = PBXNativeTarget;
			buildConfigurationList = 6FB9A17F2348556A005D8855 /* Build configuration list for PBXNativeTarget "Urgence" */;
			buildPhases = (
				C7E6DC4B8B4A9FDB374D4A92 /* [CP] Check Pods Manifest.lock */,
				6FB9A16723485569005D8855 /* Sources */,
				6FB9A16823485569005D8855 /* Frameworks */,
				6FB9A16923485569005D8855 /* Resources */,
				E8F034BCEA1D9DC9426731A4 /* [CP] Embed Pods Frameworks */,
				6FB9A184234859D7005D8855 /* ShellScript */,
			);
			buildRules = (
			);
			dependencies = (
			);
			name = Urgence;
			productName = Urgence;
			productReference = 6FB9A16B23485569005D8855 /* Urgence.app */;
			productType = "com.apple.product-type.application";
		};
/* End PBXNativeTarget section */

/* Begin PBXProject section */
		6FB9A16323485569005D8855 /* Project object */ = {
			isa = PBXProject;
			attributes = {
				LastSwiftUpdateCheck = 1100;
				LastUpgradeCheck = 1100;
				ORGANIZATIONNAME = Urgence;
				TargetAttributes = {
					6FB9A16A23485569005D8855 = {
						CreatedOnToolsVersion = 11.0;
					};
				};
			};
			buildConfigurationList = 6FB9A16623485569005D8855 /* Build configuration list for PBXProject "Urgence" */;
			compatibilityVersion = "Xcode 9.3";
			developmentRegion = en;
			hasScannedForEncodings = 0;
			knownRegions = (
				en,
				Base,
			);
			mainGroup = 6FB9A16223485569005D8855;
			productRefGroup = 6FB9A16C23485569005D8855 /* Products */;
			projectDirPath = "";
			projectRoot = "";
			targets = (
				6FB9A16A23485569005D8855 /* Urgence */,
			);
		};
/* End PBXProject section */

/* Begin PBXResourcesBuildPhase section */
		6FB9A16923485569005D8855 /* Resources */ = {
			isa = PBXResourcesBuildPhase;
			buildActionMask = 2147483647;
			files = (
				6FB9A17B2348556A005D8855 /* LaunchScreen.storyboard in Resources */,
				6FB9A18623485E48005D8855 /* GoogleService-Info.plist in Resources */,
				6FB9A199234A1D95005D8855 /* Auth.storyboard in Resources */,
				6FB9A1782348556A005D8855 /* Assets.xcassets in Resources */,
				6FB9A17623485569005D8855 /* Main.storyboard in Resources */,
			);
			runOnlyForDeploymentPostprocessing = 0;
		};
/* End PBXResourcesBuildPhase section */

/* Begin PBXShellScriptBuildPhase section */
		6FB9A184234859D7005D8855 /* ShellScript */ = {
			isa = PBXShellScriptBuildPhase;
			buildActionMask = 2147483647;
			files = (
			);
			inputPaths = (
				"$(SRCROOT)/$(BUILT_PRODUCTS_DIR)/$(INFOPLIST_PATH)",
			);
			outputPaths = (
			);
			runOnlyForDeploymentPostprocessing = 0;
			shellPath = /bin/sh;
			shellScript = "# Type a script or drag a script file from your workspace to insert its path.\n\"${PODS_ROOT}/Fabric/run\"\n";
		};
		C7E6DC4B8B4A9FDB374D4A92 /* [CP] Check Pods Manifest.lock */ = {
			isa = PBXShellScriptBuildPhase;
			buildActionMask = 2147483647;
			files = (
			);
			inputPaths = (
				"${PODS_PODFILE_DIR_PATH}/Podfile.lock",
				"${PODS_ROOT}/Manifest.lock",
			);
			name = "[CP] Check Pods Manifest.lock";
			outputPaths = (
				"$(DERIVED_FILE_DIR)/Pods-Urgence-checkManifestLockResult.txt",
			);
			runOnlyForDeploymentPostprocessing = 0;
			shellPath = /bin/sh;
			shellScript = "diff \"${PODS_PODFILE_DIR_PATH}/Podfile.lock\" \"${PODS_ROOT}/Manifest.lock\" > /dev/null\nif [ $? != 0 ] ; then\n    # print error to STDERR\n    echo \"error: The sandbox is not in sync with the Podfile.lock. Run 'pod install' or update your CocoaPods installation.\" >&2\n    exit 1\nfi\n# This output is used by Xcode 'outputs' to avoid re-running this script phase.\necho \"SUCCESS\" > \"${SCRIPT_OUTPUT_FILE_0}\"\n";
			showEnvVarsInLog = 0;
		};
		E8F034BCEA1D9DC9426731A4 /* [CP] Embed Pods Frameworks */ = {
			isa = PBXShellScriptBuildPhase;
			buildActionMask = 2147483647;
			files = (
			);
			inputPaths = (
				"${SRCROOT}/Pods/Target Support Files/Pods-Urgence/Pods-Urgence-frameworks.sh",
				"${BUILT_PRODUCTS_DIR}/BoringSSL-GRPC/openssl_grpc.framework",
				"${BUILT_PRODUCTS_DIR}/GTMSessionFetcher/GTMSessionFetcher.framework",
				"${BUILT_PRODUCTS_DIR}/GoogleUtilities/GoogleUtilities.framework",
				"${BUILT_PRODUCTS_DIR}/IQKeyboardManagerSwift/IQKeyboardManagerSwift.framework",
				"${BUILT_PRODUCTS_DIR}/Protobuf/protobuf.framework",
				"${BUILT_PRODUCTS_DIR}/gRPC-C++/grpcpp.framework",
				"${BUILT_PRODUCTS_DIR}/gRPC-Core/grpc.framework",
				"${BUILT_PRODUCTS_DIR}/leveldb-library/leveldb.framework",
				"${BUILT_PRODUCTS_DIR}/nanopb/nanopb.framework",
			);
			name = "[CP] Embed Pods Frameworks";
			outputPaths = (
				"${TARGET_BUILD_DIR}/${FRAMEWORKS_FOLDER_PATH}/openssl_grpc.framework",
				"${TARGET_BUILD_DIR}/${FRAMEWORKS_FOLDER_PATH}/GTMSessionFetcher.framework",
				"${TARGET_BUILD_DIR}/${FRAMEWORKS_FOLDER_PATH}/GoogleUtilities.framework",
				"${TARGET_BUILD_DIR}/${FRAMEWORKS_FOLDER_PATH}/IQKeyboardManagerSwift.framework",
				"${TARGET_BUILD_DIR}/${FRAMEWORKS_FOLDER_PATH}/protobuf.framework",
				"${TARGET_BUILD_DIR}/${FRAMEWORKS_FOLDER_PATH}/grpcpp.framework",
				"${TARGET_BUILD_DIR}/${FRAMEWORKS_FOLDER_PATH}/grpc.framework",
				"${TARGET_BUILD_DIR}/${FRAMEWORKS_FOLDER_PATH}/leveldb.framework",
				"${TARGET_BUILD_DIR}/${FRAMEWORKS_FOLDER_PATH}/nanopb.framework",
			);
			runOnlyForDeploymentPostprocessing = 0;
			shellPath = /bin/sh;
			shellScript = "\"${SRCROOT}/Pods/Target Support Files/Pods-Urgence/Pods-Urgence-frameworks.sh\"\n";
			showEnvVarsInLog = 0;
		};
/* End PBXShellScriptBuildPhase section */

/* Begin PBXSourcesBuildPhase section */
		6FB9A16723485569005D8855 /* Sources */ = {
			isa = PBXSourcesBuildPhase;
			buildActionMask = 2147483647;
			files = (
				6FB9A1B6234B14E7005D8855 /* FirebaseExtension.swift in Sources */,
				6FB9A1A9234A1F0A005D8855 /* SettingsVC.swift in Sources */,
				6FB9A19D234A1DE7005D8855 /* SignUpVC.swift in Sources */,
				6FB9A17323485569005D8855 /* SignInVC.swift in Sources */,
				6FB9A16F23485569005D8855 /* AppDelegate.swift in Sources */,
				6FB9A1972348924C005D8855 /* UTextField.swift in Sources */,
				6F4A9E79234B6FF900E040B2 /* PushNotificationManager.swift in Sources */,
				6FB9A1B3234AF6B0005D8855 /* Constants.swift in Sources */,
				6FB9A1AD234A1F4B005D8855 /* ChangePasswordVC.swift in Sources */,
				6FB9A1A5234A1ED2005D8855 /* MonitoringDetailVC.swift in Sources */,
				6FB9A17123485569005D8855 /* SceneDelegate.swift in Sources */,
				6FB9A1A7234A1EEC005D8855 /* AddDeviceVC.swift in Sources */,
				6FB9A19B234A1DC7005D8855 /* MonitoringVC.swift in Sources */,
				6FB9A1A1234A1E1D005D8855 /* ForgotPasswordVC.swift in Sources */,
				6FB9A1AB234A1F3A005D8855 /* EditProfileVC.swift in Sources */,
				6FB9A1B8234B19AF005D8855 /* Extensions.swift in Sources */,
				6FB9A19523488EFC005D8855 /* UButton.swift in Sources */,
				6FB9A1B0234A1F77005D8855 /* NotificationVC.swift in Sources */,
			);
			runOnlyForDeploymentPostprocessing = 0;
		};
/* End PBXSourcesBuildPhase section */

/* Begin PBXVariantGroup section */
		6FB9A17423485569005D8855 /* Main.storyboard */ = {
			isa = PBXVariantGroup;
			children = (
				6FB9A17523485569005D8855 /* Base */,
			);
			name = Main.storyboard;
			sourceTree = "<group>";
		};
		6FB9A1792348556A005D8855 /* LaunchScreen.storyboard */ = {
			isa = PBXVariantGroup;
			children = (
				6FB9A17A2348556A005D8855 /* Base */,
			);
			name = LaunchScreen.storyboard;
			sourceTree = "<group>";
		};
/* End PBXVariantGroup section */

/* Begin XCBuildConfiguration section */
		6FB9A17D2348556A005D8855 /* Debug */ = {
			isa = XCBuildConfiguration;
			buildSettings = {
				ALWAYS_SEARCH_USER_PATHS = NO;
				CLANG_ANALYZER_NONNULL = YES;
				CLANG_ANALYZER_NUMBER_OBJECT_CONVERSION = YES_AGGRESSIVE;
				CLANG_CXX_LANGUAGE_STANDARD = "gnu++14";
				CLANG_CXX_LIBRARY = "libc++";
				CLANG_ENABLE_MODULES = YES;
				CLANG_ENABLE_OBJC_ARC = YES;
				CLANG_ENABLE_OBJC_WEAK = YES;
				CLANG_WARN_BLOCK_CAPTURE_AUTORELEASING = YES;
				CLANG_WARN_BOOL_CONVERSION = YES;
				CLANG_WARN_COMMA = YES;
				CLANG_WARN_CONSTANT_CONVERSION = YES;
				CLANG_WARN_DEPRECATED_OBJC_IMPLEMENTATIONS = YES;
				CLANG_WARN_DIRECT_OBJC_ISA_USAGE = YES_ERROR;
				CLANG_WARN_DOCUMENTATION_COMMENTS = YES;
				CLANG_WARN_EMPTY_BODY = YES;
				CLANG_WARN_ENUM_CONVERSION = YES;
				CLANG_WARN_INFINITE_RECURSION = YES;
				CLANG_WARN_INT_CONVERSION = YES;
				CLANG_WARN_NON_LITERAL_NULL_CONVERSION = YES;
				CLANG_WARN_OBJC_IMPLICIT_RETAIN_SELF = YES;
				CLANG_WARN_OBJC_LITERAL_CONVERSION = YES;
				CLANG_WARN_OBJC_ROOT_CLASS = YES_ERROR;
				CLANG_WARN_RANGE_LOOP_ANALYSIS = YES;
				CLANG_WARN_STRICT_PROTOTYPES = YES;
				CLANG_WARN_SUSPICIOUS_MOVE = YES;
				CLANG_WARN_UNGUARDED_AVAILABILITY = YES_AGGRESSIVE;
				CLANG_WARN_UNREACHABLE_CODE = YES;
				CLANG_WARN__DUPLICATE_METHOD_MATCH = YES;
				COPY_PHASE_STRIP = NO;
				DEBUG_INFORMATION_FORMAT = dwarf;
				ENABLE_STRICT_OBJC_MSGSEND = YES;
				ENABLE_TESTABILITY = YES;
				GCC_C_LANGUAGE_STANDARD = gnu11;
				GCC_DYNAMIC_NO_PIC = NO;
				GCC_NO_COMMON_BLOCKS = YES;
				GCC_OPTIMIZATION_LEVEL = 0;
				GCC_PREPROCESSOR_DEFINITIONS = (
					"DEBUG=1",
					"$(inherited)",
				);
				GCC_WARN_64_TO_32_BIT_CONVERSION = YES;
				GCC_WARN_ABOUT_RETURN_TYPE = YES_ERROR;
				GCC_WARN_UNDECLARED_SELECTOR = YES;
				GCC_WARN_UNINITIALIZED_AUTOS = YES_AGGRESSIVE;
				GCC_WARN_UNUSED_FUNCTION = YES;
				GCC_WARN_UNUSED_VARIABLE = YES;
				IPHONEOS_DEPLOYMENT_TARGET = 13.0;
				MTL_ENABLE_DEBUG_INFO = INCLUDE_SOURCE;
				MTL_FAST_MATH = YES;
				ONLY_ACTIVE_ARCH = YES;
				SDKROOT = iphoneos;
				SWIFT_ACTIVE_COMPILATION_CONDITIONS = DEBUG;
				SWIFT_OPTIMIZATION_LEVEL = "-Onone";
			};
			name = Debug;
		};
		6FB9A17E2348556A005D8855 /* Release */ = {
			isa = XCBuildConfiguration;
			buildSettings = {
				ALWAYS_SEARCH_USER_PATHS = NO;
				CLANG_ANALYZER_NONNULL = YES;
				CLANG_ANALYZER_NUMBER_OBJECT_CONVERSION = YES_AGGRESSIVE;
				CLANG_CXX_LANGUAGE_STANDARD = "gnu++14";
				CLANG_CXX_LIBRARY = "libc++";
				CLANG_ENABLE_MODULES = YES;
				CLANG_ENABLE_OBJC_ARC = YES;
				CLANG_ENABLE_OBJC_WEAK = YES;
				CLANG_WARN_BLOCK_CAPTURE_AUTORELEASING = YES;
				CLANG_WARN_BOOL_CONVERSION = YES;
				CLANG_WARN_COMMA = YES;
				CLANG_WARN_CONSTANT_CONVERSION = YES;
				CLANG_WARN_DEPRECATED_OBJC_IMPLEMENTATIONS = YES;
				CLANG_WARN_DIRECT_OBJC_ISA_USAGE = YES_ERROR;
				CLANG_WARN_DOCUMENTATION_COMMENTS = YES;
				CLANG_WARN_EMPTY_BODY = YES;
				CLANG_WARN_ENUM_CONVERSION = YES;
				CLANG_WARN_INFINITE_RECURSION = YES;
				CLANG_WARN_INT_CONVERSION = YES;
				CLANG_WARN_NON_LITERAL_NULL_CONVERSION = YES;
				CLANG_WARN_OBJC_IMPLICIT_RETAIN_SELF = YES;
				CLANG_WARN_OBJC_LITERAL_CONVERSION = YES;
				CLANG_WARN_OBJC_ROOT_CLASS = YES_ERROR;
				CLANG_WARN_RANGE_LOOP_ANALYSIS = YES;
				CLANG_WARN_STRICT_PROTOTYPES = YES;
				CLANG_WARN_SUSPICIOUS_MOVE = YES;
				CLANG_WARN_UNGUARDED_AVAILABILITY = YES_AGGRESSIVE;
				CLANG_WARN_UNREACHABLE_CODE = YES;
				CLANG_WARN__DUPLICATE_METHOD_MATCH = YES;
				COPY_PHASE_STRIP = NO;
				DEBUG_INFORMATION_FORMAT = "dwarf-with-dsym";
				ENABLE_NS_ASSERTIONS = NO;
				ENABLE_STRICT_OBJC_MSGSEND = YES;
				GCC_C_LANGUAGE_STANDARD = gnu11;
				GCC_NO_COMMON_BLOCKS = YES;
				GCC_WARN_64_TO_32_BIT_CONVERSION = YES;
				GCC_WARN_ABOUT_RETURN_TYPE = YES_ERROR;
				GCC_WARN_UNDECLARED_SELECTOR = YES;
				GCC_WARN_UNINITIALIZED_AUTOS = YES_AGGRESSIVE;
				GCC_WARN_UNUSED_FUNCTION = YES;
				GCC_WARN_UNUSED_VARIABLE = YES;
				IPHONEOS_DEPLOYMENT_TARGET = 13.0;
				MTL_ENABLE_DEBUG_INFO = NO;
				MTL_FAST_MATH = YES;
				SDKROOT = iphoneos;
				SWIFT_COMPILATION_MODE = wholemodule;
				SWIFT_OPTIMIZATION_LEVEL = "-O";
				VALIDATE_PRODUCT = YES;
			};
			name = Release;
		};
		6FB9A1802348556A005D8855 /* Debug */ = {
			isa = XCBuildConfiguration;
			baseConfigurationReference = F2CE51B5B68E6054864218FF /* Pods-Urgence.debug.xcconfig */;
			buildSettings = {
				ASSETCATALOG_COMPILER_APPICON_NAME = AppIcon;
				CODE_SIGN_ENTITLEMENTS = Urgence/Urgence.entitlements;
				CODE_SIGN_IDENTITY = "Apple Development";
				CODE_SIGN_STYLE = Automatic;
				DEBUG_INFORMATION_FORMAT = "dwarf-with-dsym";
				DEVELOPMENT_TEAM = 727Q9XPG67;
				INFOPLIST_FILE = "Urgence/Support Files/Info.plist";
				IPHONEOS_DEPLOYMENT_TARGET = 11.0;
				LD_RUNPATH_SEARCH_PATHS = (
					"$(inherited)",
					"@executable_path/Frameworks",
				);
				PRODUCT_BUNDLE_IDENTIFIER = au.com.urgence.Urgence;
				PRODUCT_NAME = "$(TARGET_NAME)";
				PROVISIONING_PROFILE_SPECIFIER = "";
				SWIFT_VERSION = 5.0;
				TARGETED_DEVICE_FAMILY = 1;
			};
			name = Debug;
		};
		6FB9A1812348556A005D8855 /* Release */ = {
			isa = XCBuildConfiguration;
			baseConfigurationReference = 39D08D2C9BFAE8E409377655 /* Pods-Urgence.release.xcconfig */;
			buildSettings = {
				ASSETCATALOG_COMPILER_APPICON_NAME = AppIcon;
				CODE_SIGN_ENTITLEMENTS = Urgence/Urgence.entitlements;
				CODE_SIGN_IDENTITY = "Apple Development";
				CODE_SIGN_STYLE = Automatic;
				DEVELOPMENT_TEAM = 727Q9XPG67;
				INFOPLIST_FILE = "Urgence/Support Files/Info.plist";
				IPHONEOS_DEPLOYMENT_TARGET = 11.0;
				LD_RUNPATH_SEARCH_PATHS = (
					"$(inherited)",
					"@executable_path/Frameworks",
				);
				PRODUCT_BUNDLE_IDENTIFIER = au.com.urgence.Urgence;
				PRODUCT_NAME = "$(TARGET_NAME)";
				PROVISIONING_PROFILE_SPECIFIER = "";
				SWIFT_VERSION = 5.0;
				TARGETED_DEVICE_FAMILY = 1;
			};
			name = Release;
		};
/* End XCBuildConfiguration section */

/* Begin XCConfigurationList section */
		6FB9A16623485569005D8855 /* Build configuration list for PBXProject "Urgence" */ = {
			isa = XCConfigurationList;
			buildConfigurations = (
				6FB9A17D2348556A005D8855 /* Debug */,
				6FB9A17E2348556A005D8855 /* Release */,
			);
			defaultConfigurationIsVisible = 0;
			defaultConfigurationName = Release;
		};
		6FB9A17F2348556A005D8855 /* Build configuration list for PBXNativeTarget "Urgence" */ = {
			isa = XCConfigurationList;
			buildConfigurations = (
				6FB9A1802348556A005D8855 /* Debug */,
				6FB9A1812348556A005D8855 /* Release */,
			);
			defaultConfigurationIsVisible = 0;
			defaultConfigurationName = Release;
		};
/* End XCConfigurationList section */
	};
	rootObject = 6FB9A16323485569005D8855 /* Project object */;
}
